
Microsoft Visual Studio Solution File, Format Version 12.00
# Visual Studio Version 17
VisualStudioVersion = 17.4.33213.308
MinimumVisualStudioVersion = 10.0.40219.1
Project("{FAE04EC0-301F-11D3-BF4B-00C04F79EFBC}") = "IIS-Projekat", "IIS-Projekat\IIS-Projekat.csproj", "{AB3AF05B-8402-4F95-992A-FEC76373BB55}"
EndProject
Global
	GlobalSection(SolutionConfigurationPlatforms) = preSolution
		Debug|Any CPU = Debug|Any CPU
		Release|Any CPU = Release|Any CPU
	EndGlobalSection
	GlobalSection(ProjectConfigurationPlatforms) = postSolution
		{AB3AF05B-8402-4F95-992A-FEC76373BB55}.Debug|Any CPU.ActiveCfg = Debug|Any CPU
		{AB3AF05B-8402-4F95-992A-FEC76373BB55}.Debug|Any CPU.Build.0 = Debug|Any CPU
		{AB3AF05B-8402-4F95-992A-FEC76373BB55}.Release|Any CPU.ActiveCfg = Release|Any CPU
		{AB3AF05B-8402-4F95-992A-FEC76373BB55}.Release|Any CPU.Build.0 = Release|Any CPU
	EndGlobalSection
	GlobalSection(SolutionProperties) = preSolution
		HideSolutionNode = FALSE
	EndGlobalSection
	GlobalSection(ExtensibilityGlobals) = postSolution
		SolutionGuid = {42CD2846-A161-4932-8D68-3E7D48A8D9B1}
	EndGlobalSection
EndGlobal
